
Microsoft Visual Studio Solution File, Format Version 12.00
# Visual Studio Version 16
VisualStudioVersion = 16.0.31515.178
MinimumVisualStudioVersion = 10.0.40219.1
Project("{FAE04EC0-301F-11D3-BF4B-00C04F79EFBC}") = "SignalRDeneme", "SignalRDeneme\SignalRDeneme.csproj", "{ADD7AA42-73A7-4924-834E-8B7D1CEB72B7}"
EndProject
Global
	GlobalSection(SolutionConfigurationPlatforms) = preSolution
		Debug|Any CPU = Debug|Any CPU
		Release|Any CPU = Release|Any CPU
	EndGlobalSection
	GlobalSection(ProjectConfigurationPlatforms) = postSolution
		{ADD7AA42-73A7-4924-834E-8B7D1CEB72B7}.Debug|Any CPU.ActiveCfg = Debug|Any CPU
		{ADD7AA42-73A7-4924-834E-8B7D1CEB72B7}.Debug|Any CPU.Build.0 = Debug|Any CPU
		{ADD7AA42-73A7-4924-834E-8B7D1CEB72B7}.Release|Any CPU.ActiveCfg = Release|Any CPU
		{ADD7AA42-73A7-4924-834E-8B7D1CEB72B7}.Release|Any CPU.Build.0 = Release|Any CPU
	EndGlobalSection
	GlobalSection(SolutionProperties) = preSolution
		HideSolutionNode = FALSE
	EndGlobalSection
	GlobalSection(ExtensibilityGlobals) = postSolution
		SolutionGuid = {E0277337-1FAE-43A8-94C3-0BE7630E7073}
	EndGlobalSection
EndGlobal
